// !$*UTF8*$!
{
	archiveVersion = 1;
	classes = {
	};
	objectVersion = 50;
	objects = {

/* Begin PBXBuildFile section */
		04CC496B241A32CE00CCA68F /* AppDelegate.swift in Sources */ = {isa = PBXBuildFile; fileRef = 04CC496A241A32CE00CCA68F /* AppDelegate.swift */; };
		04CC496D241A32CE00CCA68F /* SceneDelegate.swift in Sources */ = {isa = PBXBuildFile; fileRef = 04CC496C241A32CE00CCA68F /* SceneDelegate.swift */; };
		04CC496F241A32CE00CCA68F /* ViewController.swift in Sources */ = {isa = PBXBuildFile; fileRef = 04CC496E241A32CE00CCA68F /* ViewController.swift */; };
		04CC4972241A32CE00CCA68F /* Main.storyboard in Resources */ = {isa = PBXBuildFile; fileRef = 04CC4970241A32CE00CCA68F /* Main.storyboard */; };
		04CC4974241A32D100CCA68F /* Assets.xcassets in Resources */ = {isa = PBXBuildFile; fileRef = 04CC4973241A32D100CCA68F /* Assets.xcassets */; };
		04CC4977241A32D100CCA68F /* LaunchScreen.storyboard in Resources */ = {isa = PBXBuildFile; fileRef = 04CC4975241A32D100CCA68F /* LaunchScreen.storyboard */; };
		04CC4982241A32D100CCA68F /* pricecalculatorTests.swift in Sources */ = {isa = PBXBuildFile; fileRef = 04CC4981241A32D100CCA68F /* pricecalculatorTests.swift */; };
		04CC498D241A32D100CCA68F /* pricecalculatorUITests.swift in Sources */ = {isa = PBXBuildFile; fileRef = 04CC498C241A32D100CCA68F /* pricecalculatorUITests.swift */; };
		04CC499C241A757A00CCA68F /* SAButton.swift in Sources */ = {isa = PBXBuildFile; fileRef = 04CC499B241A757A00CCA68F /* SAButton.swift */; };
/* End PBXBuildFile section */

/* Begin PBXContainerItemProxy section */
		04CC497E241A32D100CCA68F /* PBXContainerItemProxy */ = {
			isa = PBXContainerItemProxy;
			containerPortal = 04CC495F241A32CE00CCA68F /* Project object */;
			proxyType = 1;
			remoteGlobalIDString = 04CC4966241A32CE00CCA68F;
			remoteInfo = pricecalculator;
		};
		04CC4989241A32D100CCA68F /* PBXContainerItemProxy */ = {
			isa = PBXContainerItemProxy;
			containerPortal = 04CC495F241A32CE00CCA68F /* Project object */;
			proxyType = 1;
			remoteGlobalIDString = 04CC4966241A32CE00CCA68F;
			remoteInfo = pricecalculator;
		};
/* End PBXContainerItemProxy section */

/* Begin PBXFileReference section */
		04CC4967241A32CE00CCA68F /* pricecalculator.app */ = {isa = PBXFileReference; explicitFileType = wrapper.application; includeInIndex = 0; path = pricecalculator.app; sourceTree = BUILT_PRODUCTS_DIR; };
		04CC496A241A32CE00CCA68F /* AppDelegate.swift */ = {isa = PBXFileReference; lastKnownFileType = sourcecode.swift; path = AppDelegate.swift; sourceTree = "<group>"; };
		04CC496C241A32CE00CCA68F /* SceneDelegate.swift */ = {isa = PBXFileReference; lastKnownFileType = sourcecode.swift; path = SceneDelegate.swift; sourceTree = "<group>"; };
		04CC496E241A32CE00CCA68F /* ViewController.swift */ = {isa = PBXFileReference; lastKnownFileType = sourcecode.swift; path = ViewController.swift; sourceTree = "<group>"; };
		04CC4971241A32CE00CCA68F /* Base */ = {isa = PBXFileReference; lastKnownFileType = file.storyboard; name = Base; path = Base.lproj/Main.storyboard; sourceTree = "<group>"; };
		04CC4973241A32D100CCA68F /* Assets.xcassets */ = {isa = PBXFileReference; lastKnownFileType = folder.assetcatalog; path = Assets.xcassets; sourceTree = "<group>"; };
		04CC4976241A32D100CCA68F /* Base */ = {isa = PBXFileReference; lastKnownFileType = file.storyboard; name = Base; path = Base.lproj/LaunchScreen.storyboard; sourceTree = "<group>"; };
		04CC4978241A32D100CCA68F /* Info.plist */ = {isa = PBXFileReference; lastKnownFileType = text.plist.xml; path = Info.plist; sourceTree = "<group>"; };
		04CC497D241A32D100CCA68F /* pricecalculatorTests.xctest */ = {isa = PBXFileReference; explicitFileType = wrapper.cfbundle; includeInIndex = 0; path = pricecalculatorTests.xctest; sourceTree = BUILT_PRODUCTS_DIR; };
		04CC4981241A32D100CCA68F /* pricecalculatorTests.swift */ = {isa = PBXFileReference; lastKnownFileType = sourcecode.swift; path = pricecalculatorTests.swift; sourceTree = "<group>"; };
		04CC4983241A32D100CCA68F /* Info.plist */ = {isa = PBXFileReference; lastKnownFileType = text.plist.xml; path = Info.plist; sourceTree = "<group>"; };
		04CC4988241A32D100CCA68F /* pricecalculatorUITests.xctest */ = {isa = PBXFileReference; explicitFileType = wrapper.cfbundle; includeInIndex = 0; path = pricecalculatorUITests.xctest; sourceTree = BUILT_PRODUCTS_DIR; };
		04CC498C241A32D100CCA68F /* pricecalculatorUITests.swift */ = {isa = PBXFileReference; lastKnownFileType = sourcecode.swift; path = pricecalculatorUITests.swift; sourceTree = "<group>"; };
		04CC498E241A32D100CCA68F /* Info.plist */ = {isa = PBXFileReference; lastKnownFileType = text.plist.xml; path = Info.plist; sourceTree = "<group>"; };
		04CC499B241A757A00CCA68F /* SAButton.swift */ = {isa = PBXFileReference; lastKnownFileType = sourcecode.swift; path = SAButton.swift; sourceTree = "<group>"; };
/* End PBXFileReference section */

/* Begin PBXFrameworksBuildPhase section */
		04CC4964241A32CE00CCA68F /* Frameworks */ = {
			isa = PBXFrameworksBuildPhase;
			buildActionMask = 2147483647;
			files = (
			);
			runOnlyForDeploymentPostprocessing = 0;
		};
		04CC497A241A32D100CCA68F /* Frameworks */ = {
			isa = PBXFrameworksBuildPhase;
			buildActionMask = 2147483647;
			files = (
			);
			runOnlyForDeploymentPostprocessing = 0;
		};
		04CC4985241A32D100CCA68F /* Frameworks */ = {
			isa = PBXFrameworksBuildPhase;
			buildActionMask = 2147483647;
			files = (
			);
			runOnlyForDeploymentPostprocessing = 0;
		};
/* End PBXFrameworksBuildPhase section */

/* Begin PBXGroup section */
		04CC495E241A32CE00CCA68F = {
			isa = PBXGroup;
			children = (
				04CC499A241A755800CCA68F /* customview */,
				04CC4969241A32CE00CCA68F /* pricecalculator */,
				04CC4980241A32D100CCA68F /* pricecalculatorTests */,
				04CC498B241A32D100CCA68F /* pricecalculatorUITests */,
				04CC4968241A32CE00CCA68F /* Products */,
			);
			sourceTree = "<group>";
		};
		04CC4968241A32CE00CCA68F /* Products */ = {
			isa = PBXGroup;
			children = (
				04CC4967241A32CE00CCA68F /* pricecalculator.app */,
				04CC497D241A32D100CCA68F /* pricecalculatorTests.xctest */,
				04CC4988241A32D100CCA68F /* pricecalculatorUITests.xctest */,
			);
			name = Products;
			sourceTree = "<group>";
		};
		04CC4969241A32CE00CCA68F /* pricecalculator */ = {
			isa = PBXGroup;
			children = (
				04CC496A241A32CE00CCA68F /* AppDelegate.swift */,
				04CC496C241A32CE00CCA68F /* SceneDelegate.swift */,
				04CC496E241A32CE00CCA68F /* ViewController.swift */,
				04CC4970241A32CE00CCA68F /* Main.storyboard */,
				04CC4973241A32D100CCA68F /* Assets.xcassets */,
				04CC4975241A32D100CCA68F /* LaunchScreen.storyboard */,
				04CC4978241A32D100CCA68F /* Info.plist */,
			);
			path = pricecalculator;
			sourceTree = "<group>";
		};
		04CC4980241A32D100CCA68F /* pricecalculatorTests */ = {
			isa = PBXGroup;
			children = (
				04CC4981241A32D100CCA68F /* pricecalculatorTests.swift */,
				04CC4983241A32D100CCA68F /* Info.plist */,
			);
			path = pricecalculatorTests;
			sourceTree = "<group>";
		};
		04CC498B241A32D100CCA68F /* pricecalculatorUITests */ = {
			isa = PBXGroup;
			children = (
				04CC498C241A32D100CCA68F /* pricecalculatorUITests.swift */,
				04CC498E241A32D100CCA68F /* Info.plist */,
			);
			path = pricecalculatorUITests;
			sourceTree = "<group>";
		};
		04CC499A241A755800CCA68F /* customview */ = {
			isa = PBXGroup;
			children = (
				04CC499B241A757A00CCA68F /* SAButton.swift */,
			);
			path = customview;
			sourceTree = "<group>";
		};
/* End PBXGroup section */

/* Begin PBXNativeTarget section */
		04CC4966241A32CE00CCA68F /* pricecalculator */ = {
			isa = PBXNativeTarget;
			buildConfigurationList = 04CC4991241A32D100CCA68F /* Build configuration list for PBXNativeTarget "pricecalculator" */;
			buildPhases = (
				04CC4963241A32CE00CCA68F /* Sources */,
				04CC4964241A32CE00CCA68F /* Frameworks */,
				04CC4965241A32CE00CCA68F /* Resources */,
			);
			buildRules = (
			);
			dependencies = (
			);
			name = pricecalculator;
			productName = pricecalculator;
			productReference = 04CC4967241A32CE00CCA68F /* pricecalculator.app */;
			productType = "com.apple.product-type.application";
		};
		04CC497C241A32D100CCA68F /* pricecalculatorTests */ = {
			isa = PBXNativeTarget;
			buildConfigurationList = 04CC4994241A32D100CCA68F /* Build configuration list for PBXNativeTarget "pricecalculatorTests" */;
			buildPhases = (
				04CC4979241A32D100CCA68F /* Sources */,
				04CC497A241A32D100CCA68F /* Frameworks */,
				04CC497B241A32D100CCA68F /* Resources */,
			);
			buildRules = (
			);
			dependencies = (
				04CC497F241A32D100CCA68F /* PBXTargetDependency */,
			);
			name = pricecalculatorTests;
			productName = pricecalculatorTests;
			productReference = 04CC497D241A32D100CCA68F /* pricecalculatorTests.xctest */;
			productType = "com.apple.product-type.bundle.unit-test";
		};
		04CC4987241A32D100CCA68F /* pricecalculatorUITests */ = {
			isa = PBXNativeTarget;
			buildConfigurationList = 04CC4997241A32D100CCA68F /* Build configuration list for PBXNativeTarget "pricecalculatorUITests" */;
			buildPhases = (
				04CC4984241A32D100CCA68F /* Sources */,
				04CC4985241A32D100CCA68F /* Frameworks */,
				04CC4986241A32D100CCA68F /* Resources */,
			);
			buildRules = (
			);
			dependencies = (
				04CC498A241A32D100CCA68F /* PBXTargetDependency */,
			);
			name = pricecalculatorUITests;
			productName = pricecalculatorUITests;
			productReference = 04CC4988241A32D100CCA68F /* pricecalculatorUITests.xctest */;
			productType = "com.apple.product-type.bundle.ui-testing";
		};
/* End PBXNativeTarget section */

/* Begin PBXProject section */
		04CC495F241A32CE00CCA68F /* Project object */ = {
			isa = PBXProject;
			attributes = {
				LastSwiftUpdateCheck = 1130;
				LastUpgradeCheck = 1130;
				ORGANIZATIONNAME = mac;
				TargetAttributes = {
					04CC4966241A32CE00CCA68F = {
						CreatedOnToolsVersion = 11.3.1;
					};
					04CC497C241A32D100CCA68F = {
						CreatedOnToolsVersion = 11.3.1;
						TestTargetID = 04CC4966241A32CE00CCA68F;
					};
					04CC4987241A32D100CCA68F = {
						CreatedOnToolsVersion = 11.3.1;
						TestTargetID = 04CC4966241A32CE00CCA68F;
					};
				};
			};
			buildConfigurationList = 04CC4962241A32CE00CCA68F /* Build configuration list for PBXProject "pricecalculator" */;
			compatibilityVersion = "Xcode 9.3";
			developmentRegion = en;
			hasScannedForEncodings = 0;
			knownRegions = (
				en,
				Base,
			);
			mainGroup = 04CC495E241A32CE00CCA68F;
			productRefGroup = 04CC4968241A32CE00CCA68F /* Products */;
			projectDirPath = "";
			projectRoot = "";
			targets = (
				04CC4966241A32CE00CCA68F /* pricecalculator */,
				04CC497C241A32D100CCA68F /* pricecalculatorTests */,
				04CC4987241A32D100CCA68F /* pricecalculatorUITests */,
			);
		};
/* End PBXProject section */

/* Begin PBXResourcesBuildPhase section */
		04CC4965241A32CE00CCA68F /* Resources */ = {
			isa = PBXResourcesBuildPhase;
			buildActionMask = 2147483647;
			files = (
				04CC4977241A32D100CCA68F /* LaunchScreen.storyboard in Resources */,
				04CC4974241A32D100CCA68F /* Assets.xcassets in Resources */,
				04CC4972241A32CE00CCA68F /* Main.storyboard in Resources */,
			);
			runOnlyForDeploymentPostprocessing = 0;
		};
		04CC497B241A32D100CCA68F /* Resources */ = {
			isa = PBXResourcesBuildPhase;
			buildActionMask = 2147483647;
			files = (
			);
			runOnlyForDeploymentPostprocessing = 0;
		};
		04CC4986241A32D100CCA68F /* Resources */ = {
			isa = PBXResourcesBuildPhase;
			buildActionMask = 2147483647;
			files = (
			);
			runOnlyForDeploymentPostprocessing = 0;
		};
/* End PBXResourcesBuildPhase section */

/* Begin PBXSourcesBuildPhase section */
		04CC4963241A32CE00CCA68F /* Sources */ = {
			isa = PBXSourcesBuildPhase;
			buildActionMask = 2147483647;
			files = (
				04CC496F241A32CE00CCA68F /* ViewController.swift in Sources */,
				04CC499C241A757A00CCA68F /* SAButton.swift in Sources */,
				04CC496B241A32CE00CCA68F /* AppDelegate.swift in Sources */,
				04CC496D241A32CE00CCA68F /* SceneDelegate.swift in Sources */,
			);
			runOnlyForDeploymentPostprocessing = 0;
		};
		04CC4979241A32D100CCA68F /* Sources */ = {
			isa = PBXSourcesBuildPhase;
			buildActionMask = 2147483647;
			files = (
				04CC4982241A32D100CCA68F /* pricecalculatorTests.swift in Sources */,
			);
			runOnlyForDeploymentPostprocessing = 0;
		};
		04CC4984241A32D100CCA68F /* Sources */ = {
			isa = PBXSourcesBuildPhase;
			buildActionMask = 2147483647;
			files = (
				04CC498D241A32D100CCA68F /* pricecalculatorUITests.swift in Sources */,
			);
			runOnlyForDeploymentPostprocessing = 0;
		};
/* End PBXSourcesBuildPhase section */

/* Begin PBXTargetDependency section */
		04CC497F241A32D100CCA68F /* PBXTargetDependency */ = {
			isa = PBXTargetDependency;
			target = 04CC4966241A32CE00CCA68F /* pricecalculator */;
			targetProxy = 04CC497E241A32D100CCA68F /* PBXContainerItemProxy */;
		};
		04CC498A241A32D100CCA68F /* PBXTargetDependency */ = {
			isa = PBXTargetDependency;
			target = 04CC4966241A32CE00CCA68F /* pricecalculator */;
			targetProxy = 04CC4989241A32D100CCA68F /* PBXContainerItemProxy */;
		};
/* End PBXTargetDependency section */

/* Begin PBXVariantGroup section */
		04CC4970241A32CE00CCA68F /* Main.storyboard */ = {
			isa = PBXVariantGroup;
			children = (
				04CC4971241A32CE00CCA68F /* Base */,
			);
			name = Main.storyboard;
			sourceTree = "<group>";
		};
		04CC4975241A32D100CCA68F /* LaunchScreen.storyboard */ = {
			isa = PBXVariantGroup;
			children = (
				04CC4976241A32D100CCA68F /* Base */,
			);
			name = LaunchScreen.storyboard;
			sourceTree = "<group>";
		};
/* End PBXVariantGroup section */

/* Begin XCBuildConfiguration section */
		04CC498F241A32D100CCA68F /* Debug */ = {
			isa = XCBuildConfiguration;
			buildSettings = {
				ALWAYS_SEARCH_USER_PATHS = NO;
				CLANG_ANALYZER_NONNULL = YES;
				CLANG_ANALYZER_NUMBER_OBJECT_CONVERSION = YES_AGGRESSIVE;
				CLANG_CXX_LANGUAGE_STANDARD = "gnu++14";
				CLANG_CXX_LIBRARY = "libc++";
				CLANG_ENABLE_MODULES = YES;
				CLANG_ENABLE_OBJC_ARC = YES;
				CLANG_ENABLE_OBJC_WEAK = YES;
				CLANG_WARN_BLOCK_CAPTURE_AUTORELEASING = YES;
				CLANG_WARN_BOOL_CONVERSION = YES;
				CLANG_WARN_COMMA = YES;
				CLANG_WARN_CONSTANT_CONVERSION = YES;
				CLANG_WARN_DEPRECATED_OBJC_IMPLEMENTATIONS = YES;
				CLANG_WARN_DIRECT_OBJC_ISA_USAGE = YES_ERROR;
				CLANG_WARN_DOCUMENTATION_COMMENTS = YES;
				CLANG_WARN_EMPTY_BODY = YES;
				CLANG_WARN_ENUM_CONVERSION = YES;
				CLANG_WARN_INFINITE_RECURSION = YES;
				CLANG_WARN_INT_CONVERSION = YES;
				CLANG_WARN_NON_LITERAL_NULL_CONVERSION = YES;
				CLANG_WARN_OBJC_IMPLICIT_RETAIN_SELF = YES;
				CLANG_WARN_OBJC_LITERAL_CONVERSION = YES;
				CLANG_WARN_OBJC_ROOT_CLASS = YES_ERROR;
				CLANG_WARN_RANGE_LOOP_ANALYSIS = YES;
				CLANG_WARN_STRICT_PROTOTYPES = YES;
				CLANG_WARN_SUSPICIOUS_MOVE = YES;
				CLANG_WARN_UNGUARDED_AVAILABILITY = YES_AGGRESSIVE;
				CLANG_WARN_UNREACHABLE_CODE = YES;
				CLANG_WARN__DUPLICATE_METHOD_MATCH = YES;
				COPY_PHASE_STRIP = NO;
				DEBUG_INFORMATION_FORMAT = dwarf;
				ENABLE_STRICT_OBJC_MSGSEND = YES;
				ENABLE_TESTABILITY = YES;
				GCC_C_LANGUAGE_STANDARD = gnu11;
				GCC_DYNAMIC_NO_PIC = NO;
				GCC_NO_COMMON_BLOCKS = YES;
				GCC_OPTIMIZATION_LEVEL = 0;
				GCC_PREPROCESSOR_DEFINITIONS = (
					"DEBUG=1",
					"$(inherited)",
				);
				GCC_WARN_64_TO_32_BIT_CONVERSION = YES;
				GCC_WARN_ABOUT_RETURN_TYPE = YES_ERROR;
				GCC_WARN_UNDECLARED_SELECTOR = YES;
				GCC_WARN_UNINITIALIZED_AUTOS = YES_AGGRESSIVE;
				GCC_WARN_UNUSED_FUNCTION = YES;
				GCC_WARN_UNUSED_VARIABLE = YES;
				IPHONEOS_DEPLOYMENT_TARGET = 13.2;
				MTL_ENABLE_DEBUG_INFO = INCLUDE_SOURCE;
				MTL_FAST_MATH = YES;
				ONLY_ACTIVE_ARCH = YES;
				SDKROOT = iphoneos;
				SWIFT_ACTIVE_COMPILATION_CONDITIONS = DEBUG;
				SWIFT_OPTIMIZATION_LEVEL = "-Onone";
			};
			name = Debug;
		};
		04CC4990241A32D100CCA68F /* Release */ = {
			isa = XCBuildConfiguration;
			buildSettings = {
				ALWAYS_SEARCH_USER_PATHS = NO;
				CLANG_ANALYZER_NONNULL = YES;
				CLANG_ANALYZER_NUMBER_OBJECT_CONVERSION = YES_AGGRESSIVE;
				CLANG_CXX_LANGUAGE_STANDARD = "gnu++14";
				CLANG_CXX_LIBRARY = "libc++";
				CLANG_ENABLE_MODULES = YES;
				CLANG_ENABLE_OBJC_ARC = YES;
				CLANG_ENABLE_OBJC_WEAK = YES;
				CLANG_WARN_BLOCK_CAPTURE_AUTORELEASING = YES;
				CLANG_WARN_BOOL_CONVERSION = YES;
				CLANG_WARN_COMMA = YES;
				CLANG_WARN_CONSTANT_CONVERSION = YES;
				CLANG_WARN_DEPRECATED_OBJC_IMPLEMENTATIONS = YES;
				CLANG_WARN_DIRECT_OBJC_ISA_USAGE = YES_ERROR;
				CLANG_WARN_DOCUMENTATION_COMMENTS = YES;
				CLANG_WARN_EMPTY_BODY = YES;
				CLANG_WARN_ENUM_CONVERSION = YES;
				CLANG_WARN_INFINITE_RECURSION = YES;
				CLANG_WARN_INT_CONVERSION = YES;
				CLANG_WARN_NON_LITERAL_NULL_CONVERSION = YES;
				CLANG_WARN_OBJC_IMPLICIT_RETAIN_SELF = YES;
				CLANG_WARN_OBJC_LITERAL_CONVERSION = YES;
				CLANG_WARN_OBJC_ROOT_CLASS = YES_ERROR;
				CLANG_WARN_RANGE_LOOP_ANALYSIS = YES;
				CLANG_WARN_STRICT_PROTOTYPES = YES;
				CLANG_WARN_SUSPICIOUS_MOVE = YES;
				CLANG_WARN_UNGUARDED_AVAILABILITY = YES_AGGRESSIVE;
				CLANG_WARN_UNREACHABLE_CODE = YES;
				CLANG_WARN__DUPLICATE_METHOD_MATCH = YES;
				COPY_PHASE_STRIP = NO;
				DEBUG_INFORMATION_FORMAT = "dwarf-with-dsym";
				ENABLE_NS_ASSERTIONS = NO;
				ENABLE_STRICT_OBJC_MSGSEND = YES;
				GCC_C_LANGUAGE_STANDARD = gnu11;
				GCC_NO_COMMON_BLOCKS = YES;
				GCC_WARN_64_TO_32_BIT_CONVERSION = YES;
				GCC_WARN_ABOUT_RETURN_TYPE = YES_ERROR;
				GCC_WARN_UNDECLARED_SELECTOR = YES;
				GCC_WARN_UNINITIALIZED_AUTOS = YES_AGGRESSIVE;
				GCC_WARN_UNUSED_FUNCTION = YES;
				GCC_WARN_UNUSED_VARIABLE = YES;
				IPHONEOS_DEPLOYMENT_TARGET = 13.2;
				MTL_ENABLE_DEBUG_INFO = NO;
				MTL_FAST_MATH = YES;
				SDKROOT = iphoneos;
				SWIFT_COMPILATION_MODE = wholemodule;
				SWIFT_OPTIMIZATION_LEVEL = "-O";
				VALIDATE_PRODUCT = YES;
			};
			name = Release;
		};
		04CC4992241A32D100CCA68F /* Debug */ = {
			isa = XCBuildConfiguration;
			buildSettings = {
				ASSETCATALOG_COMPILER_APPICON_NAME = AppIcon;
				CODE_SIGN_STYLE = Automatic;
				INFOPLIST_FILE = pricecalculator/Info.plist;
				LD_RUNPATH_SEARCH_PATHS = (
					"$(inherited)",
					"@executable_path/Frameworks",
				);
				PRODUCT_BUNDLE_IDENTIFIER = com.darottuts.pricecalculator;
				PRODUCT_NAME = "$(TARGET_NAME)";
				SWIFT_VERSION = 5.0;
				TARGETED_DEVICE_FAMILY = "1,2";
			};
			name = Debug;
		};
		04CC4993241A32D100CCA68F /* Release */ = {
			isa = XCBuildConfiguration;
			buildSettings = {
				ASSETCATALOG_COMPILER_APPICON_NAME = AppIcon;
				CODE_SIGN_STYLE = Automatic;
				INFOPLIST_FILE = pricecalculator/Info.plist;
				LD_RUNPATH_SEARCH_PATHS = (
					"$(inherited)",
					"@executable_path/Frameworks",
				);
				PRODUCT_BUNDLE_IDENTIFIER = com.darottuts.pricecalculator;
				PRODUCT_NAME = "$(TARGET_NAME)";
				SWIFT_VERSION = 5.0;
				TARGETED_DEVICE_FAMILY = "1,2";
			};
			name = Release;
		};
		04CC4995241A32D100CCA68F /* Debug */ = {
			isa = XCBuildConfiguration;
			buildSettings = {
				ALWAYS_EMBED_SWIFT_STANDARD_LIBRARIES = YES;
				BUNDLE_LOADER = "$(TEST_HOST)";
				CODE_SIGN_STYLE = Automatic;
				INFOPLIST_FILE = pricecalculatorTests/Info.plist;
				IPHONEOS_DEPLOYMENT_TARGET = 13.2;
				LD_RUNPATH_SEARCH_PATHS = (
					"$(inherited)",
					"@executable_path/Frameworks",
					"@loader_path/Frameworks",
				);
				PRODUCT_BUNDLE_IDENTIFIER = com.darottuts.pricecalculatorTests;
				PRODUCT_NAME = "$(TARGET_NAME)";
				SWIFT_VERSION = 5.0;
				TARGETED_DEVICE_FAMILY = "1,2";
				TEST_HOST = "$(BUILT_PRODUCTS_DIR)/pricecalculator.app/pricecalculator";
			};
			name = Debug;
		};
		04CC4996241A32D100CCA68F /* Release */ = {
			isa = XCBuildConfiguration;
			buildSettings = {
				ALWAYS_EMBED_SWIFT_STANDARD_LIBRARIES = YES;
				BUNDLE_LOADER = "$(TEST_HOST)";
				CODE_SIGN_STYLE = Automatic;
				INFOPLIST_FILE = pricecalculatorTests/Info.plist;
				IPHONEOS_DEPLOYMENT_TARGET = 13.2;
				LD_RUNPATH_SEARCH_PATHS = (
					"$(inherited)",
					"@executable_path/Frameworks",
					"@loader_path/Frameworks",
				);
				PRODUCT_BUNDLE_IDENTIFIER = com.darottuts.pricecalculatorTests;
				PRODUCT_NAME = "$(TARGET_NAME)";
				SWIFT_VERSION = 5.0;
				TARGETED_DEVICE_FAMILY = "1,2";
				TEST_HOST = "$(BUILT_PRODUCTS_DIR)/pricecalculator.app/pricecalculator";
			};
			name = Release;
		};
		04CC4998241A32D100CCA68F /* Debug */ = {
			isa = XCBuildConfiguration;
			buildSettings = {
				ALWAYS_EMBED_SWIFT_STANDARD_LIBRARIES = YES;
				CODE_SIGN_STYLE = Automatic;
				INFOPLIST_FILE = pricecalculatorUITests/Info.plist;
				LD_RUNPATH_SEARCH_PATHS = (
					"$(inherited)",
					"@executable_path/Frameworks",
					"@loader_path/Frameworks",
				);
				PRODUCT_BUNDLE_IDENTIFIER = com.darottuts.pricecalculatorUITests;
				PRODUCT_NAME = "$(TARGET_NAME)";
				SWIFT_VERSION = 5.0;
				TARGETED_DEVICE_FAMILY = "1,2";
				TEST_TARGET_NAME = pricecalculator;
			};
			name = Debug;
		};
		04CC4999241A32D100CCA68F /* Release */ = {
			isa = XCBuildConfiguration;
			buildSettings = {
				ALWAYS_EMBED_SWIFT_STANDARD_LIBRARIES = YES;
				CODE_SIGN_STYLE = Automatic;
				INFOPLIST_FILE = pricecalculatorUITests/Info.plist;
				LD_RUNPATH_SEARCH_PATHS = (
					"$(inherited)",
					"@executable_path/Frameworks",
					"@loader_path/Frameworks",
				);
				PRODUCT_BUNDLE_IDENTIFIER = com.darottuts.pricecalculatorUITests;
				PRODUCT_NAME = "$(TARGET_NAME)";
				SWIFT_VERSION = 5.0;
				TARGETED_DEVICE_FAMILY = "1,2";
				TEST_TARGET_NAME = pricecalculator;
			};
			name = Release;
		};
/* End XCBuildConfiguration section */

/* Begin XCConfigurationList section */
		04CC4962241A32CE00CCA68F /* Build configuration list for PBXProject "pricecalculator" */ = {
			isa = XCConfigurationList;
			buildConfigurations = (
				04CC498F241A32D100CCA68F /* Debug */,
				04CC4990241A32D100CCA68F /* Release */,
			);
			defaultConfigurationIsVisible = 0;
			defaultConfigurationName = Release;
		};
		04CC4991241A32D100CCA68F /* Build configuration list for PBXNativeTarget "pricecalculator" */ = {
			isa = XCConfigurationList;
			buildConfigurations = (
				04CC4992241A32D100CCA68F /* Debug */,
				04CC4993241A32D100CCA68F /* Release */,
			);
			defaultConfigurationIsVisible = 0;
			defaultConfigurationName = Release;
		};
		04CC4994241A32D100CCA68F /* Build configuration list for PBXNativeTarget "pricecalculatorTests" */ = {
			isa = XCConfigurationList;
			buildConfigurations = (
				04CC4995241A32D100CCA68F /* Debug */,
				04CC4996241A32D100CCA68F /* Release */,
			);
			defaultConfigurationIsVisible = 0;
			defaultConfigurationName = Release;
		};
		04CC4997241A32D100CCA68F /* Build configuration list for PBXNativeTarget "pricecalculatorUITests" */ = {
			isa = XCConfigurationList;
			buildConfigurations = (
				04CC4998241A32D100CCA68F /* Debug */,
				04CC4999241A32D100CCA68F /* Release */,
			);
			defaultConfigurationIsVisible = 0;
			defaultConfigurationName = Release;
		};
/* End XCConfigurationList section */
	};
	rootObject = 04CC495F241A32CE00CCA68F /* Project object */;
}
